
Microsoft Visual Studio Solution File, Format Version 12.00
# Visual Studio Version 17
VisualStudioVersion = 17.0.31903.59
MinimumVisualStudioVersion = 10.0.40219.1
Project("{FAE04EC0-301F-11D3-BF4B-00C04F79EFBC}") = "GraphLibrary", "ConsoleApp1\GraphLibrary.csproj", "{920CD7A3-1A05-4199-9CA7-CEF56C4CF506}"
EndProject
Global
	GlobalSection(SolutionConfigurationPlatforms) = preSolution
		Debug|Any CPU = Debug|Any CPU
		Release|Any CPU = Release|Any CPU
	EndGlobalSection
	GlobalSection(SolutionProperties) = preSolution
		HideSolutionNode = FALSE
	EndGlobalSection
	GlobalSection(ProjectConfigurationPlatforms) = postSolution
		{920CD7A3-1A05-4199-9CA7-CEF56C4CF506}.Debug|Any CPU.ActiveCfg = Debug|Any CPU
		{920CD7A3-1A05-4199-9CA7-CEF56C4CF506}.Debug|Any CPU.Build.0 = Debug|Any CPU
		{920CD7A3-1A05-4199-9CA7-CEF56C4CF506}.Release|Any CPU.ActiveCfg = Release|Any CPU
		{920CD7A3-1A05-4199-9CA7-CEF56C4CF506}.Release|Any CPU.Build.0 = Release|Any CPU
	EndGlobalSection
EndGlobal
